
Microsoft Visual Studio Solution File, Format Version 12.00
# Visual Studio Version 17
VisualStudioVersion = 17.6.33815.320
MinimumVisualStudioVersion = 10.0.40219.1
Project("{FAE04EC0-301F-11D3-BF4B-00C04F79EFBC}") = "SoftUni", "SoftUni\SoftUni.csproj", "{75B109FC-9B03-461A-BF17-0D02E02C3146}"
EndProject
Global
	GlobalSection(SolutionConfigurationPlatforms) = preSolution
		Debug|Any CPU = Debug|Any CPU
		Release|Any CPU = Release|Any CPU
	EndGlobalSection
	GlobalSection(ProjectConfigurationPlatforms) = postSolution
		{75B109FC-9B03-461A-BF17-0D02E02C3146}.Debug|Any CPU.ActiveCfg = Debug|Any CPU
		{75B109FC-9B03-461A-BF17-0D02E02C3146}.Debug|Any CPU.Build.0 = Debug|Any CPU
		{75B109FC-9B03-461A-BF17-0D02E02C3146}.Release|Any CPU.ActiveCfg = Release|Any CPU
		{75B109FC-9B03-461A-BF17-0D02E02C3146}.Release|Any CPU.Build.0 = Release|Any CPU
	EndGlobalSection
	GlobalSection(SolutionProperties) = preSolution
		HideSolutionNode = FALSE
	EndGlobalSection
	GlobalSection(ExtensibilityGlobals) = postSolution
		SolutionGuid = {DE17DBD5-1CCA-40CB-8F43-C2A31BCD717B}
	EndGlobalSection
EndGlobal
